
Microsoft Visual Studio Solution File, Format Version 12.00
# Visual Studio 15
VisualStudioVersion = 15.0.28010.2003
MinimumVisualStudioVersion = 10.0.40219.1
Project("{FAE04EC0-301F-11D3-BF4B-00C04F79EFBC}") = "GetNugetDependants", "src\GetNugetDependants\GetNugetDependants.csproj", "{E21272E0-D6FD-4BDE-BFD1-BD66CFC4B9EE}"
EndProject
Global
	GlobalSection(SolutionConfigurationPlatforms) = preSolution
		Debug|Any CPU = Debug|Any CPU
		Release|Any CPU = Release|Any CPU
	EndGlobalSection
	GlobalSection(ProjectConfigurationPlatforms) = postSolution
		{E21272E0-D6FD-4BDE-BFD1-BD66CFC4B9EE}.Debug|Any CPU.ActiveCfg = Debug|Any CPU
		{E21272E0-D6FD-4BDE-BFD1-BD66CFC4B9EE}.Debug|Any CPU.Build.0 = Debug|Any CPU
		{E21272E0-D6FD-4BDE-BFD1-BD66CFC4B9EE}.Release|Any CPU.ActiveCfg = Release|Any CPU
		{E21272E0-D6FD-4BDE-BFD1-BD66CFC4B9EE}.Release|Any CPU.Build.0 = Release|Any CPU
	EndGlobalSection
	GlobalSection(SolutionProperties) = preSolution
		HideSolutionNode = FALSE
	EndGlobalSection
	GlobalSection(ExtensibilityGlobals) = postSolution
		SolutionGuid = {6929DEC3-8BBE-4679-B0AC-2645F9EE8F83}
	EndGlobalSection
EndGlobal
